
Microsoft Visual Studio Solution File, Format Version 12.00
# Visual Studio Version 17
VisualStudioVersion = 17.5.33424.131
MinimumVisualStudioVersion = 10.0.40219.1
Project("{9A19103F-16F7-4668-BE54-9A1E7A4F7556}") = "TaskbarShortcutGroups.AvaloniaUI", "TaskbarShortcutGroups.AvaloniaUI\TaskbarShortcutGroups.AvaloniaUI.csproj", "{68579153-7E9D-4EE2-83B4-BF80CFD96D46}"
EndProject
Project("{9A19103F-16F7-4668-BE54-9A1E7A4F7556}") = "TaskbarShortcutGroups.Common", "TaskbarShortcutGroups.Common\TaskbarShortcutGroups.Common.csproj", "{61162024-E9CA-4415-AFC2-B1BF1A5CEF4E}"
EndProject
Project("{2150E333-8FDC-42A3-9474-1A3956D46DE8}") = "SolutionItems", "SolutionItems", "{ED616ADF-DD39-4D7D-A9F3-C26565E79914}"
	ProjectSection(SolutionItems) = preProject
		.gitignore = .gitignore
		global.json = global.json
		README.md = README.md
		Directory.Build.props = Directory.Build.props
		.github\workflows\build.yml = .github\workflows\build.yml
	EndProjectSection
EndProject
Project("{FAE04EC0-301F-11D3-BF4B-00C04F79EFBC}") = "TaskbarShortcutGroups.Windows", "TaskbarShortcutGroups.Windows\TaskbarShortcutGroups.Windows.csproj", "{1D3B9DBA-0E66-45DB-9AA3-BB38B57168C1}"
EndProject
Global
	GlobalSection(SolutionConfigurationPlatforms) = preSolution
		Debug|Any CPU = Debug|Any CPU
		Release|Any CPU = Release|Any CPU
	EndGlobalSection
	GlobalSection(ProjectConfigurationPlatforms) = postSolution
		{68579153-7E9D-4EE2-83B4-BF80CFD96D46}.Debug|Any CPU.ActiveCfg = Debug|Any CPU
		{68579153-7E9D-4EE2-83B4-BF80CFD96D46}.Debug|Any CPU.Build.0 = Debug|Any CPU
		{68579153-7E9D-4EE2-83B4-BF80CFD96D46}.Release|Any CPU.ActiveCfg = Release|Any CPU
		{68579153-7E9D-4EE2-83B4-BF80CFD96D46}.Release|Any CPU.Build.0 = Release|Any CPU
		{61162024-E9CA-4415-AFC2-B1BF1A5CEF4E}.Debug|Any CPU.ActiveCfg = Debug|Any CPU
		{61162024-E9CA-4415-AFC2-B1BF1A5CEF4E}.Debug|Any CPU.Build.0 = Debug|Any CPU
		{61162024-E9CA-4415-AFC2-B1BF1A5CEF4E}.Release|Any CPU.ActiveCfg = Release|Any CPU
		{61162024-E9CA-4415-AFC2-B1BF1A5CEF4E}.Release|Any CPU.Build.0 = Release|Any CPU
		{1D3B9DBA-0E66-45DB-9AA3-BB38B57168C1}.Debug|Any CPU.ActiveCfg = Debug|Any CPU
		{1D3B9DBA-0E66-45DB-9AA3-BB38B57168C1}.Debug|Any CPU.Build.0 = Debug|Any CPU
		{1D3B9DBA-0E66-45DB-9AA3-BB38B57168C1}.Release|Any CPU.ActiveCfg = Release|Any CPU
		{1D3B9DBA-0E66-45DB-9AA3-BB38B57168C1}.Release|Any CPU.Build.0 = Release|Any CPU
	EndGlobalSection
	GlobalSection(SolutionProperties) = preSolution
		HideSolutionNode = FALSE
	EndGlobalSection
	GlobalSection(NestedProjects) = preSolution
	EndGlobalSection
	GlobalSection(ExtensibilityGlobals) = postSolution
		SolutionGuid = {386D726E-3BF4-4382-AC5A-4F8510396092}
	EndGlobalSection
EndGlobal
