
Microsoft Visual Studio Solution File, Format Version 12.00
Project("{FAE04EC0-301F-11D3-BF4B-00C04F79EFBC}") = "TaskbarShortcutGroups", "TaskbarShortcutGroups\TaskbarShortcutGroups.csproj", "{68579153-7E9D-4EE2-83B4-BF80CFD96D46}"
EndProject
Global
	GlobalSection(SolutionConfigurationPlatforms) = preSolution
		Debug|Any CPU = Debug|Any CPU
		Release|Any CPU = Release|Any CPU
	EndGlobalSection
	GlobalSection(ProjectConfigurationPlatforms) = postSolution
		{68579153-7E9D-4EE2-83B4-BF80CFD96D46}.Debug|Any CPU.ActiveCfg = Debug|Any CPU
		{68579153-7E9D-4EE2-83B4-BF80CFD96D46}.Debug|Any CPU.Build.0 = Debug|Any CPU
		{68579153-7E9D-4EE2-83B4-BF80CFD96D46}.Release|Any CPU.ActiveCfg = Release|Any CPU
		{68579153-7E9D-4EE2-83B4-BF80CFD96D46}.Release|Any CPU.Build.0 = Release|Any CPU
	EndGlobalSection
EndGlobal
